
Microsoft Visual Studio Solution File, Format Version 12.00
# Visual Studio Version 16
VisualStudioVersion = 16.0.33927.289
MinimumVisualStudioVersion = 10.0.40219.1
Project("{FAE04EC0-301F-11D3-BF4B-00C04F79EFBC}") = "Monorail", "Monorail\Monorail.csproj", "{8BAA6F63-25E3-4335-87BD-4AA819E12D5F}"
EndProject
Global
	GlobalSection(SolutionConfigurationPlatforms) = preSolution
		Debug|Any CPU = Debug|Any CPU
		Release|Any CPU = Release|Any CPU
	EndGlobalSection
	GlobalSection(ProjectConfigurationPlatforms) = postSolution
		{8BAA6F63-25E3-4335-87BD-4AA819E12D5F}.Debug|Any CPU.ActiveCfg = Debug|Any CPU
		{8BAA6F63-25E3-4335-87BD-4AA819E12D5F}.Debug|Any CPU.Build.0 = Debug|Any CPU
		{8BAA6F63-25E3-4335-87BD-4AA819E12D5F}.Release|Any CPU.ActiveCfg = Release|Any CPU
		{8BAA6F63-25E3-4335-87BD-4AA819E12D5F}.Release|Any CPU.Build.0 = Release|Any CPU
	EndGlobalSection
	GlobalSection(SolutionProperties) = preSolution
		HideSolutionNode = FALSE
	EndGlobalSection
	GlobalSection(ExtensibilityGlobals) = postSolution
		SolutionGuid = {EADB7D4C-42E3-4B62-A062-D3C713111BA9}
	EndGlobalSection
EndGlobal
